<?xml version="1.0" encoding="utf-8"?>
<Project ToolsVersion="4.0" xmlns="http://schemas.microsoft.com/developer/msbuild/2003">
  <ItemGroup>
    <Filter Include="Source Files">
      <UniqueIdentifier>{4FC737F1-C7A5-4376-A066-2A32D752A2FF}</UniqueIdentifier>
      <Extensions>cpp;c;cc;cxx;def;odl;idl;hpj;bat;asm;asmx</Extensions>
    </Filter>
    <Filter Include="Header Files">
      <UniqueIdentifier>{93995380-89BD-4b04-88EB-625FBE52EBFB}</UniqueIdentifier>
      <Extensions>h;hh;hpp;hxx;hm;inl;inc;xsd</Extensions>
    </Filter>
    <Filter Include="Resource Files">
      <UniqueIdentifier>{67DA6AB6-F800-4c08-8B7A-83BB121AAD01}</UniqueIdentifier>
      <Extensions>rc;ico;cur;bmp;dlg;rc2;rct;bin;rgs;gif;jpg;jpeg;jpe;resx;tiff;tif;png;wav;mfcribbon-ms</Extensions>
    </Filter>
    <Filter Include="Header Files\Win32">
      <UniqueIdentifier>{c643f35d-7bad-4573-b1cb-400e4c902eda}</UniqueIdentifier>
    </Filter>
    <Filter Include="Header Files\Subsonic">
      <UniqueIdentifier>{5f7bef66-954f-4a02-83c6-c76c4c0eb68f}</UniqueIdentifier>
    </Filter>
    <Filter Include="Header Files\Common">
      <UniqueIdentifier>{ea1fc7a3-e226-4f35-aed3-1f90105af85d}</UniqueIdentifier>
    </Filter>
    <Filter Include="Source Files\Common">
      <UniqueIdentifier>{32204595-dfb3-4ff3-82ed-f1d55540eec2}</UniqueIdentifier>
    </Filter>
    <Filter Include="Source Files\Win32">
      <UniqueIdentifier>{be354239-5909-4fe6-8fcf-956a854c54fd}</UniqueIdentifier>
    </Filter>
    <Filter Include="Source Files\Subsonic">
      <UniqueIdentifier>{a6454d35-6526-4c3f-8ada-b556b7b35725}</UniqueIdentifier>
    </Filter>
  </ItemGroup>
  <ItemGroup>
    <ClCompile Include="..\src\stdafx.cpp">
      <Filter>Source Files</Filter>
    </ClCompile>
    <ClCompile Include="..\src\WinMain.cpp">
      <Filter>Source Files</Filter>
    </ClCompile>
    <ClCompile Include="..\src\Win32\Window.cpp">
      <Filter>Source Files\Win32</Filter>
    </ClCompile>
    <ClCompile Include="..\src\Win32\PlayerMainWindow_Frames.cpp">
      <Filter>Source Files\Win32</Filter>
    </ClCompile>
    <ClCompile Include="..\src\Win32\Application.cpp">
      <Filter>Source Files\Win32</Filter>
    </ClCompile>
    <ClCompile Include="..\src\Win32\Direct2DUtility.cpp">
      <Filter>Source Files\Win32</Filter>
    </ClCompile>
    <ClCompile Include="..\src\Win32\PlayerApplication.cpp">
      <Filter>Source Files\Win32</Filter>
    </ClCompile>
    <ClCompile Include="..\src\Win32\PlayerMainWindow.cpp">
      <Filter>Source Files\Win32</Filter>
    </ClCompile>
    <ClCompile Include="..\src\Win32\PlayerMainWindow_Drawing.cpp">
      <Filter>Source Files\Win32</Filter>
    </ClCompile>
    <ClCompile Include="..\dependencies\xsd\subsonic\subsonic-rest-api-pskel.cxx">
      <Filter>Source Files</Filter>
    </ClCompile>
    <ClCompile Include="..\dependencies\expat\xmlparse.c">
      <Filter>Source Files</Filter>
    </ClCompile>
    <ClCompile Include="..\dependencies\expat\xmlrole.c">
      <Filter>Source Files</Filter>
    </ClCompile>
    <ClCompile Include="..\dependencies\expat\xmltok.c">
      <Filter>Source Files</Filter>
    </ClCompile>
    <ClCompile Include="..\src\Subsonic\ApiClient.cpp">
      <Filter>Source Files\Subsonic</Filter>
    </ClCompile>
  </ItemGroup>
  <ItemGroup>
    <ClInclude Include="..\src\stdafx.h">
      <Filter>Header Files</Filter>
    </ClInclude>
    <ClInclude Include="..\src\Subsonic\ApiClient.h">
      <Filter>Header Files\Subsonic</Filter>
    </ClInclude>
    <ClInclude Include="..\src\Win32\Application.h">
      <Filter>Header Files\Win32</Filter>
    </ClInclude>
    <ClInclude Include="..\src\Win32\Direct2DUtility.h">
      <Filter>Header Files\Win32</Filter>
    </ClInclude>
    <ClInclude Include="..\src\Win32\PlayerApplication.h">
      <Filter>Header Files\Win32</Filter>
    </ClInclude>
    <ClInclude Include="..\src\Win32\PlayerMainWindow.h">
      <Filter>Header Files\Win32</Filter>
    </ClInclude>
    <ClInclude Include="..\src\Win32\Window.h">
      <Filter>Header Files\Win32</Filter>
    </ClInclude>
    <ClInclude Include="..\src\Common\IHTTPClient.h">
      <Filter>Header Files\Common</Filter>
    </ClInclude>
    <ClInclude Include="..\src\Subsonic\ServerLoginCredentials.h">
      <Filter>Header Files\Subsonic</Filter>
    </ClInclude>
  </ItemGroup>
</Project>